
Microsoft Visual Studio Solution File, Format Version 12.00
# Visual Studio Version 16
VisualStudioVersion = 16.0.30717.126
MinimumVisualStudioVersion = 10.0.40219.1
Project("{FAE04EC0-301F-11D3-BF4B-00C04F79EFBC}") = "HelloXamarin.Android", "HelloXamarin\HelloXamarin.Android\HelloXamarin.Android.csproj", "{00F95F08-C51E-41F2-B38E-383A515E098B}"
EndProject
Project("{FAE04EC0-301F-11D3-BF4B-00C04F79EFBC}") = "HelloXamarin.iOS", "HelloXamarin\HelloXamarin.iOS\HelloXamarin.iOS.csproj", "{3877DFF4-6B74-4AA6-A53F-A82ED2150CC8}"
EndProject
Project("{FAE04EC0-301F-11D3-BF4B-00C04F79EFBC}") = "HelloXamarin", "HelloXamarin\HelloXamarin\HelloXamarin.csproj", "{AD3C5BE9-AACC-47E9-9177-42E758E4EEFA}"
EndProject
Global
	GlobalSection(SolutionConfigurationPlatforms) = preSolution
		Debug|Any CPU = Debug|Any CPU
		Debug|iPhone = Debug|iPhone
		Debug|iPhoneSimulator = Debug|iPhoneSimulator
		Release|Any CPU = Release|Any CPU
		Release|iPhone = Release|iPhone
		Release|iPhoneSimulator = Release|iPhoneSimulator
	EndGlobalSection
	GlobalSection(ProjectConfigurationPlatforms) = postSolution
		{00F95F08-C51E-41F2-B38E-383A515E098B}.Debug|Any CPU.ActiveCfg = Debug|Any CPU
		{00F95F08-C51E-41F2-B38E-383A515E098B}.Debug|Any CPU.Build.0 = Debug|Any CPU
		{00F95F08-C51E-41F2-B38E-383A515E098B}.Debug|Any CPU.Deploy.0 = Debug|Any CPU
		{00F95F08-C51E-41F2-B38E-383A515E098B}.Debug|iPhone.ActiveCfg = Debug|Any CPU
		{00F95F08-C51E-41F2-B38E-383A515E098B}.Debug|iPhone.Build.0 = Debug|Any CPU
		{00F95F08-C51E-41F2-B38E-383A515E098B}.Debug|iPhone.Deploy.0 = Debug|Any CPU
		{00F95F08-C51E-41F2-B38E-383A515E098B}.Debug|iPhoneSimulator.ActiveCfg = Debug|Any CPU
		{00F95F08-C51E-41F2-B38E-383A515E098B}.Debug|iPhoneSimulator.Build.0 = Debug|Any CPU
		{00F95F08-C51E-41F2-B38E-383A515E098B}.Debug|iPhoneSimulator.Deploy.0 = Debug|Any CPU
		{00F95F08-C51E-41F2-B38E-383A515E098B}.Release|Any CPU.ActiveCfg = Release|Any CPU
		{00F95F08-C51E-41F2-B38E-383A515E098B}.Release|Any CPU.Build.0 = Release|Any CPU
		{00F95F08-C51E-41F2-B38E-383A515E098B}.Release|Any CPU.Deploy.0 = Release|Any CPU
		{00F95F08-C51E-41F2-B38E-383A515E098B}.Release|iPhone.ActiveCfg = Release|Any CPU
		{00F95F08-C51E-41F2-B38E-383A515E098B}.Release|iPhone.Build.0 = Release|Any CPU
		{00F95F08-C51E-41F2-B38E-383A515E098B}.Release|iPhone.Deploy.0 = Release|Any CPU
		{00F95F08-C51E-41F2-B38E-383A515E098B}.Release|iPhoneSimulator.ActiveCfg = Release|Any CPU
		{00F95F08-C51E-41F2-B38E-383A515E098B}.Release|iPhoneSimulator.Build.0 = Release|Any CPU
		{00F95F08-C51E-41F2-B38E-383A515E098B}.Release|iPhoneSimulator.Deploy.0 = Release|Any CPU
		{3877DFF4-6B74-4AA6-A53F-A82ED2150CC8}.Debug|Any CPU.ActiveCfg = Debug|iPhone
		{3877DFF4-6B74-4AA6-A53F-A82ED2150CC8}.Debug|Any CPU.Build.0 = Debug|iPhone
		{3877DFF4-6B74-4AA6-A53F-A82ED2150CC8}.Debug|Any CPU.Deploy.0 = Debug|iPhone
		{3877DFF4-6B74-4AA6-A53F-A82ED2150CC8}.Debug|iPhone.ActiveCfg = Debug|iPhone
		{3877DFF4-6B74-4AA6-A53F-A82ED2150CC8}.Debug|iPhone.Build.0 = Debug|iPhone
		{3877DFF4-6B74-4AA6-A53F-A82ED2150CC8}.Debug|iPhone.Deploy.0 = Debug|iPhone
		{3877DFF4-6B74-4AA6-A53F-A82ED2150CC8}.Debug|iPhoneSimulator.ActiveCfg = Debug|iPhoneSimulator
		{3877DFF4-6B74-4AA6-A53F-A82ED2150CC8}.Debug|iPhoneSimulator.Build.0 = Debug|iPhoneSimulator
		{3877DFF4-6B74-4AA6-A53F-A82ED2150CC8}.Debug|iPhoneSimulator.Deploy.0 = Debug|iPhoneSimulator
		{3877DFF4-6B74-4AA6-A53F-A82ED2150CC8}.Release|Any CPU.ActiveCfg = Release|iPhoneSimulator
		{3877DFF4-6B74-4AA6-A53F-A82ED2150CC8}.Release|Any CPU.Build.0 = Release|iPhoneSimulator
		{3877DFF4-6B74-4AA6-A53F-A82ED2150CC8}.Release|Any CPU.Deploy.0 = Release|iPhoneSimulator
		{3877DFF4-6B74-4AA6-A53F-A82ED2150CC8}.Release|iPhone.ActiveCfg = Release|iPhone
		{3877DFF4-6B74-4AA6-A53F-A82ED2150CC8}.Release|iPhone.Build.0 = Release|iPhone
		{3877DFF4-6B74-4AA6-A53F-A82ED2150CC8}.Release|iPhone.Deploy.0 = Release|iPhone
		{3877DFF4-6B74-4AA6-A53F-A82ED2150CC8}.Release|iPhoneSimulator.ActiveCfg = Release|iPhoneSimulator
		{3877DFF4-6B74-4AA6-A53F-A82ED2150CC8}.Release|iPhoneSimulator.Build.0 = Release|iPhoneSimulator
		{3877DFF4-6B74-4AA6-A53F-A82ED2150CC8}.Release|iPhoneSimulator.Deploy.0 = Release|iPhoneSimulator
		{AD3C5BE9-AACC-47E9-9177-42E758E4EEFA}.Debug|Any CPU.ActiveCfg = Debug|Any CPU
		{AD3C5BE9-AACC-47E9-9177-42E758E4EEFA}.Debug|Any CPU.Build.0 = Debug|Any CPU
		{AD3C5BE9-AACC-47E9-9177-42E758E4EEFA}.Debug|Any CPU.Deploy.0 = Debug|Any CPU
		{AD3C5BE9-AACC-47E9-9177-42E758E4EEFA}.Debug|iPhone.ActiveCfg = Debug|Any CPU
		{AD3C5BE9-AACC-47E9-9177-42E758E4EEFA}.Debug|iPhone.Build.0 = Debug|Any CPU
		{AD3C5BE9-AACC-47E9-9177-42E758E4EEFA}.Debug|iPhone.Deploy.0 = Debug|Any CPU
		{AD3C5BE9-AACC-47E9-9177-42E758E4EEFA}.Debug|iPhoneSimulator.ActiveCfg = Debug|Any CPU
		{AD3C5BE9-AACC-47E9-9177-42E758E4EEFA}.Debug|iPhoneSimulator.Build.0 = Debug|Any CPU
		{AD3C5BE9-AACC-47E9-9177-42E758E4EEFA}.Debug|iPhoneSimulator.Deploy.0 = Debug|Any CPU
		{AD3C5BE9-AACC-47E9-9177-42E758E4EEFA}.Release|Any CPU.ActiveCfg = Release|Any CPU
		{AD3C5BE9-AACC-47E9-9177-42E758E4EEFA}.Release|Any CPU.Build.0 = Release|Any CPU
		{AD3C5BE9-AACC-47E9-9177-42E758E4EEFA}.Release|Any CPU.Deploy.0 = Release|Any CPU
		{AD3C5BE9-AACC-47E9-9177-42E758E4EEFA}.Release|iPhone.ActiveCfg = Release|Any CPU
		{AD3C5BE9-AACC-47E9-9177-42E758E4EEFA}.Release|iPhone.Build.0 = Release|Any CPU
		{AD3C5BE9-AACC-47E9-9177-42E758E4EEFA}.Release|iPhone.Deploy.0 = Release|Any CPU
		{AD3C5BE9-AACC-47E9-9177-42E758E4EEFA}.Release|iPhoneSimulator.ActiveCfg = Release|Any CPU
		{AD3C5BE9-AACC-47E9-9177-42E758E4EEFA}.Release|iPhoneSimulator.Build.0 = Release|Any CPU
		{AD3C5BE9-AACC-47E9-9177-42E758E4EEFA}.Release|iPhoneSimulator.Deploy.0 = Release|Any CPU
	EndGlobalSection
	GlobalSection(SolutionProperties) = preSolution
		HideSolutionNode = FALSE
	EndGlobalSection
	GlobalSection(ExtensibilityGlobals) = postSolution
		SolutionGuid = {3CB3A94D-4452-4E96-9FBD-A2808F75BD83}
	EndGlobalSection
EndGlobal
